
Microsoft Visual Studio Solution File, Format Version 12.00
# Visual Studio Version 17
VisualStudioVersion = 17.14.36414.22
MinimumVisualStudioVersion = 10.0.40219.1
Project("{2150E333-8FDC-42A3-9474-1A3956D46DE8}") = "20-clients", "20-clients", "{1C276EB2-D26B-457D-832D-58A92477D257}"
EndProject
Project("{2150E333-8FDC-42A3-9474-1A3956D46DE8}") = "00-common", "00-common", "{0B0585D6-9069-44EE-BF97-3BC9E37B2033}"
EndProject
Project("{2150E333-8FDC-42A3-9474-1A3956D46DE8}") = "10-server", "10-server", "{5872D863-D607-4CFD-A436-429D199BAA56}"
EndProject
Project("{FAE04EC0-301F-11D3-BF4B-00C04F79EFBC}") = "MES.WPF.Client", "src\client\MES.WPF.Client\MES.WPF.Client.csproj", "{38D4EC47-EECB-4E37-8575-3451FCD115DD}"
EndProject
Project("{2150E333-8FDC-42A3-9474-1A3956D46DE8}") = "Solution Items", "Solution Items", "{16160FE3-7357-4CC7-B485-7E83B1899BCF}"
	ProjectSection(SolutionItems) = preProject
		README.md = README.md
		DevRecord.md = DevRecord.md
		compose.yaml = compose.yaml
	EndProjectSection
EndProject
Project("{FAE04EC0-301F-11D3-BF4B-00C04F79EFBC}") = "MES.Core", "src\common\MES.Core\MES.Core.csproj", "{B8E39276-D07E-49BE-B164-4B210245CEDA}"
EndProject
Project("{FAE04EC0-301F-11D3-BF4B-00C04F79EFBC}") = "MES.Infrastructure", "src\common\MES.Infrastructure\MES.Infrastructure.csproj", "{0BE09CFA-98D8-494E-A3AC-F50921A306EC}"
EndProject
Project("{FAE04EC0-301F-11D3-BF4B-00C04F79EFBC}") = "MES.Client.Core", "src\client\MES.Client.Core\MES.Client.Core.csproj", "{B89AF38F-4A2B-446C-8F61-ECD67F2CCC98}"
EndProject
Project("{2150E333-8FDC-42A3-9474-1A3956D46DE8}") = "30-tests", "30-tests", "{94B1F142-3F5E-4C5D-B08B-A2F840F1BA2D}"
EndProject
Project("{FAE04EC0-301F-11D3-BF4B-00C04F79EFBC}") = "MES.Tests", "test\MES.Tests\MES.Tests.csproj", "{F35B0651-823A-4D4B-B107-80D1B94547B6}"
EndProject
Project("{FAE04EC0-301F-11D3-BF4B-00C04F79EFBC}") = "MES.Server", "src\server\MES.Server\MES.Server.csproj", "{8EAC038C-0C68-46F5-8CBE-FCBBA3821098}"
EndProject
Global
	GlobalSection(SolutionConfigurationPlatforms) = preSolution
		Debug|Any CPU = Debug|Any CPU
		Release|Any CPU = Release|Any CPU
	EndGlobalSection
	GlobalSection(ProjectConfigurationPlatforms) = postSolution
		{38D4EC47-EECB-4E37-8575-3451FCD115DD}.Debug|Any CPU.ActiveCfg = Debug|Any CPU
		{38D4EC47-EECB-4E37-8575-3451FCD115DD}.Debug|Any CPU.Build.0 = Debug|Any CPU
		{38D4EC47-EECB-4E37-8575-3451FCD115DD}.Release|Any CPU.ActiveCfg = Release|Any CPU
		{38D4EC47-EECB-4E37-8575-3451FCD115DD}.Release|Any CPU.Build.0 = Release|Any CPU
		{B8E39276-D07E-49BE-B164-4B210245CEDA}.Debug|Any CPU.ActiveCfg = Debug|Any CPU
		{B8E39276-D07E-49BE-B164-4B210245CEDA}.Debug|Any CPU.Build.0 = Debug|Any CPU
		{B8E39276-D07E-49BE-B164-4B210245CEDA}.Release|Any CPU.ActiveCfg = Release|Any CPU
		{B8E39276-D07E-49BE-B164-4B210245CEDA}.Release|Any CPU.Build.0 = Release|Any CPU
		{0BE09CFA-98D8-494E-A3AC-F50921A306EC}.Debug|Any CPU.ActiveCfg = Debug|Any CPU
		{0BE09CFA-98D8-494E-A3AC-F50921A306EC}.Debug|Any CPU.Build.0 = Debug|Any CPU
		{0BE09CFA-98D8-494E-A3AC-F50921A306EC}.Release|Any CPU.ActiveCfg = Release|Any CPU
		{0BE09CFA-98D8-494E-A3AC-F50921A306EC}.Release|Any CPU.Build.0 = Release|Any CPU
		{B89AF38F-4A2B-446C-8F61-ECD67F2CCC98}.Debug|Any CPU.ActiveCfg = Debug|Any CPU
		{B89AF38F-4A2B-446C-8F61-ECD67F2CCC98}.Debug|Any CPU.Build.0 = Debug|Any CPU
		{B89AF38F-4A2B-446C-8F61-ECD67F2CCC98}.Release|Any CPU.ActiveCfg = Release|Any CPU
		{B89AF38F-4A2B-446C-8F61-ECD67F2CCC98}.Release|Any CPU.Build.0 = Release|Any CPU
		{F35B0651-823A-4D4B-B107-80D1B94547B6}.Debug|Any CPU.ActiveCfg = Debug|Any CPU
		{F35B0651-823A-4D4B-B107-80D1B94547B6}.Debug|Any CPU.Build.0 = Debug|Any CPU
		{F35B0651-823A-4D4B-B107-80D1B94547B6}.Release|Any CPU.ActiveCfg = Release|Any CPU
		{F35B0651-823A-4D4B-B107-80D1B94547B6}.Release|Any CPU.Build.0 = Release|Any CPU
		{8EAC038C-0C68-46F5-8CBE-FCBBA3821098}.Debug|Any CPU.ActiveCfg = Debug|Any CPU
		{8EAC038C-0C68-46F5-8CBE-FCBBA3821098}.Debug|Any CPU.Build.0 = Debug|Any CPU
		{8EAC038C-0C68-46F5-8CBE-FCBBA3821098}.Release|Any CPU.ActiveCfg = Release|Any CPU
		{8EAC038C-0C68-46F5-8CBE-FCBBA3821098}.Release|Any CPU.Build.0 = Release|Any CPU
	EndGlobalSection
	GlobalSection(SolutionProperties) = preSolution
		HideSolutionNode = FALSE
	EndGlobalSection
	GlobalSection(NestedProjects) = preSolution
		{38D4EC47-EECB-4E37-8575-3451FCD115DD} = {1C276EB2-D26B-457D-832D-58A92477D257}
		{B8E39276-D07E-49BE-B164-4B210245CEDA} = {0B0585D6-9069-44EE-BF97-3BC9E37B2033}
		{0BE09CFA-98D8-494E-A3AC-F50921A306EC} = {0B0585D6-9069-44EE-BF97-3BC9E37B2033}
		{B89AF38F-4A2B-446C-8F61-ECD67F2CCC98} = {1C276EB2-D26B-457D-832D-58A92477D257}
		{F35B0651-823A-4D4B-B107-80D1B94547B6} = {94B1F142-3F5E-4C5D-B08B-A2F840F1BA2D}
		{8EAC038C-0C68-46F5-8CBE-FCBBA3821098} = {5872D863-D607-4CFD-A436-429D199BAA56}
	EndGlobalSection
	GlobalSection(ExtensibilityGlobals) = postSolution
		SolutionGuid = {296B1228-96CA-489A-80F7-9A0AF3C13389}
	EndGlobalSection
EndGlobal
