
Microsoft Visual Studio Solution File, Format Version 12.00
# Visual Studio Version 17
VisualStudioVersion = 17.14.36414.22
MinimumVisualStudioVersion = 10.0.40219.1
Project("{2150E333-8FDC-42A3-9474-1A3956D46DE8}") = "clients", "clients", "{1C276EB2-D26B-457D-832D-58A92477D257}"
EndProject
Project("{2150E333-8FDC-42A3-9474-1A3956D46DE8}") = "common", "common", "{0B0585D6-9069-44EE-BF97-3BC9E37B2033}"
EndProject
Project("{2150E333-8FDC-42A3-9474-1A3956D46DE8}") = "infrastructure", "infrastructure", "{EFA88377-F47A-40A1-86C1-9F1E87549968}"
EndProject
Project("{2150E333-8FDC-42A3-9474-1A3956D46DE8}") = "server", "server", "{5872D863-D607-4CFD-A436-429D199BAA56}"
EndProject
Project("{2150E333-8FDC-42A3-9474-1A3956D46DE8}") = "shared", "shared", "{C63B25D4-E819-4946-8914-B4DC4ECAE8B4}"
EndProject
Project("{FAE04EC0-301F-11D3-BF4B-00C04F79EFBC}") = "MES.WPF.Client", "src\client\MES.WPF.Client\MES.WPF.Client.csproj", "{38D4EC47-EECB-4E37-8575-3451FCD115DD}"
EndProject
Project("{2150E333-8FDC-42A3-9474-1A3956D46DE8}") = "Solution Items", "Solution Items", "{16160FE3-7357-4CC7-B485-7E83B1899BCF}"
	ProjectSection(SolutionItems) = preProject
		README.md = README.md
	EndProjectSection
EndProject
Project("{FAE04EC0-301F-11D3-BF4B-00C04F79EFBC}") = "MES.Api", "src\server\MES.Api\MES.Api.csproj", "{80561E15-A86D-4226-A2FE-215D8D508E64}"
EndProject
Project("{FAE04EC0-301F-11D3-BF4B-00C04F79EFBC}") = "MES.Core", "src\common\MES.Core\MES.Core.csproj", "{B8E39276-D07E-49BE-B164-4B210245CEDA}"
EndProject
Project("{FAE04EC0-301F-11D3-BF4B-00C04F79EFBC}") = "MES.Infrastructure", "MES.Infrastructure\MES.Infrastructure.csproj", "{4CC4AA35-F154-47B6-BEC1-EB684A3E03FB}"
EndProject
Global
	GlobalSection(SolutionConfigurationPlatforms) = preSolution
		Debug|Any CPU = Debug|Any CPU
		Release|Any CPU = Release|Any CPU
	EndGlobalSection
	GlobalSection(ProjectConfigurationPlatforms) = postSolution
		{38D4EC47-EECB-4E37-8575-3451FCD115DD}.Debug|Any CPU.ActiveCfg = Debug|Any CPU
		{38D4EC47-EECB-4E37-8575-3451FCD115DD}.Debug|Any CPU.Build.0 = Debug|Any CPU
		{38D4EC47-EECB-4E37-8575-3451FCD115DD}.Release|Any CPU.ActiveCfg = Release|Any CPU
		{38D4EC47-EECB-4E37-8575-3451FCD115DD}.Release|Any CPU.Build.0 = Release|Any CPU
		{80561E15-A86D-4226-A2FE-215D8D508E64}.Debug|Any CPU.ActiveCfg = Debug|Any CPU
		{80561E15-A86D-4226-A2FE-215D8D508E64}.Debug|Any CPU.Build.0 = Debug|Any CPU
		{80561E15-A86D-4226-A2FE-215D8D508E64}.Release|Any CPU.ActiveCfg = Release|Any CPU
		{80561E15-A86D-4226-A2FE-215D8D508E64}.Release|Any CPU.Build.0 = Release|Any CPU
		{B8E39276-D07E-49BE-B164-4B210245CEDA}.Debug|Any CPU.ActiveCfg = Debug|Any CPU
		{B8E39276-D07E-49BE-B164-4B210245CEDA}.Debug|Any CPU.Build.0 = Debug|Any CPU
		{B8E39276-D07E-49BE-B164-4B210245CEDA}.Release|Any CPU.ActiveCfg = Release|Any CPU
		{B8E39276-D07E-49BE-B164-4B210245CEDA}.Release|Any CPU.Build.0 = Release|Any CPU
		{4CC4AA35-F154-47B6-BEC1-EB684A3E03FB}.Debug|Any CPU.ActiveCfg = Debug|Any CPU
		{4CC4AA35-F154-47B6-BEC1-EB684A3E03FB}.Debug|Any CPU.Build.0 = Debug|Any CPU
		{4CC4AA35-F154-47B6-BEC1-EB684A3E03FB}.Release|Any CPU.ActiveCfg = Release|Any CPU
		{4CC4AA35-F154-47B6-BEC1-EB684A3E03FB}.Release|Any CPU.Build.0 = Release|Any CPU
	EndGlobalSection
	GlobalSection(SolutionProperties) = preSolution
		HideSolutionNode = FALSE
	EndGlobalSection
	GlobalSection(NestedProjects) = preSolution
		{38D4EC47-EECB-4E37-8575-3451FCD115DD} = {1C276EB2-D26B-457D-832D-58A92477D257}
		{80561E15-A86D-4226-A2FE-215D8D508E64} = {5872D863-D607-4CFD-A436-429D199BAA56}
		{B8E39276-D07E-49BE-B164-4B210245CEDA} = {0B0585D6-9069-44EE-BF97-3BC9E37B2033}
		{4CC4AA35-F154-47B6-BEC1-EB684A3E03FB} = {0B0585D6-9069-44EE-BF97-3BC9E37B2033}
	EndGlobalSection
	GlobalSection(ExtensibilityGlobals) = postSolution
		SolutionGuid = {296B1228-96CA-489A-80F7-9A0AF3C13389}
	EndGlobalSection
EndGlobal
